
Microsoft Visual Studio Solution File, Format Version 12.00
# Visual Studio 2012
Project("{FAE04EC0-301F-11D3-BF4B-00C04F79EFBC}") = "TitanicPredictionSolution", "TitanicPredictionSolution\TitanicPredictionSolution.csproj", "{D6D7FA15-0159-4B88-905A-AD31A2DE3ACE}"
EndProject
Project("{FAE04EC0-301F-11D3-BF4B-00C04F79EFBC}") = "numl.Tests", "..\..\numl-fork\numl\numl.Tests\numl.Tests.csproj", "{C6EBD1E6-5744-4FB0-A223-FD0D0A23B985}"
EndProject
Project("{FAE04EC0-301F-11D3-BF4B-00C04F79EFBC}") = "numl", "..\..\numl-fork\numl\numl\numl.csproj", "{11022B54-2310-42AA-B80F-660733243406}"
EndProject
Global
	GlobalSection(SolutionConfigurationPlatforms) = preSolution
		Debug|Any CPU = Debug|Any CPU
		Release|Any CPU = Release|Any CPU
	EndGlobalSection
	GlobalSection(ProjectConfigurationPlatforms) = postSolution
		{D6D7FA15-0159-4B88-905A-AD31A2DE3ACE}.Debug|Any CPU.ActiveCfg = Debug|Any CPU
		{D6D7FA15-0159-4B88-905A-AD31A2DE3ACE}.Debug|Any CPU.Build.0 = Debug|Any CPU
		{D6D7FA15-0159-4B88-905A-AD31A2DE3ACE}.Release|Any CPU.ActiveCfg = Release|Any CPU
		{D6D7FA15-0159-4B88-905A-AD31A2DE3ACE}.Release|Any CPU.Build.0 = Release|Any CPU
		{C6EBD1E6-5744-4FB0-A223-FD0D0A23B985}.Debug|Any CPU.ActiveCfg = Debug|Any CPU
		{C6EBD1E6-5744-4FB0-A223-FD0D0A23B985}.Debug|Any CPU.Build.0 = Debug|Any CPU
		{C6EBD1E6-5744-4FB0-A223-FD0D0A23B985}.Release|Any CPU.ActiveCfg = Release|Any CPU
		{C6EBD1E6-5744-4FB0-A223-FD0D0A23B985}.Release|Any CPU.Build.0 = Release|Any CPU
		{11022B54-2310-42AA-B80F-660733243406}.Debug|Any CPU.ActiveCfg = Debug|Any CPU
		{11022B54-2310-42AA-B80F-660733243406}.Debug|Any CPU.Build.0 = Debug|Any CPU
		{11022B54-2310-42AA-B80F-660733243406}.Release|Any CPU.ActiveCfg = Release|Any CPU
		{11022B54-2310-42AA-B80F-660733243406}.Release|Any CPU.Build.0 = Release|Any CPU
	EndGlobalSection
	GlobalSection(SolutionProperties) = preSolution
		HideSolutionNode = FALSE
	EndGlobalSection
EndGlobal
