
Microsoft Visual Studio Solution File, Format Version 12.00
# Visual Studio 15
VisualStudioVersion = 15.0.27130.2024
MinimumVisualStudioVersion = 10.0.40219.1
Project("{9A19103F-16F7-4668-BE54-9A1E7A4F7556}") = "numl", "numl\numl.csproj", "{554363C6-5979-4C9A-90E6-E70AF2D5CC09}"
EndProject
Project("{9A19103F-16F7-4668-BE54-9A1E7A4F7556}") = "numl.Tests", "numl.Tests\numl.Tests.csproj", "{801D4C20-F3BB-48B5-8530-2F8E9D2AC1D1}"
EndProject
Global
	GlobalSection(SolutionConfigurationPlatforms) = preSolution
		Debug|Any CPU = Debug|Any CPU
		Debug|x64 = Debug|x64
		Debug|x86 = Debug|x86
		Release|Any CPU = Release|Any CPU
		Release|x64 = Release|x64
		Release|x86 = Release|x86
	EndGlobalSection
	GlobalSection(ProjectConfigurationPlatforms) = postSolution
		{554363C6-5979-4C9A-90E6-E70AF2D5CC09}.Debug|Any CPU.ActiveCfg = Debug|Any CPU
		{554363C6-5979-4C9A-90E6-E70AF2D5CC09}.Debug|Any CPU.Build.0 = Debug|Any CPU
		{554363C6-5979-4C9A-90E6-E70AF2D5CC09}.Debug|x64.ActiveCfg = Debug|Any CPU
		{554363C6-5979-4C9A-90E6-E70AF2D5CC09}.Debug|x64.Build.0 = Debug|Any CPU
		{554363C6-5979-4C9A-90E6-E70AF2D5CC09}.Debug|x86.ActiveCfg = Debug|Any CPU
		{554363C6-5979-4C9A-90E6-E70AF2D5CC09}.Debug|x86.Build.0 = Debug|Any CPU
		{554363C6-5979-4C9A-90E6-E70AF2D5CC09}.Release|Any CPU.ActiveCfg = Release|Any CPU
		{554363C6-5979-4C9A-90E6-E70AF2D5CC09}.Release|Any CPU.Build.0 = Release|Any CPU
		{554363C6-5979-4C9A-90E6-E70AF2D5CC09}.Release|x64.ActiveCfg = Release|Any CPU
		{554363C6-5979-4C9A-90E6-E70AF2D5CC09}.Release|x64.Build.0 = Release|Any CPU
		{554363C6-5979-4C9A-90E6-E70AF2D5CC09}.Release|x86.ActiveCfg = Release|Any CPU
		{554363C6-5979-4C9A-90E6-E70AF2D5CC09}.Release|x86.Build.0 = Release|Any CPU
		{801D4C20-F3BB-48B5-8530-2F8E9D2AC1D1}.Debug|Any CPU.ActiveCfg = Debug|Any CPU
		{801D4C20-F3BB-48B5-8530-2F8E9D2AC1D1}.Debug|Any CPU.Build.0 = Debug|Any CPU
		{801D4C20-F3BB-48B5-8530-2F8E9D2AC1D1}.Debug|x64.ActiveCfg = Debug|Any CPU
		{801D4C20-F3BB-48B5-8530-2F8E9D2AC1D1}.Debug|x64.Build.0 = Debug|Any CPU
		{801D4C20-F3BB-48B5-8530-2F8E9D2AC1D1}.Debug|x86.ActiveCfg = Debug|Any CPU
		{801D4C20-F3BB-48B5-8530-2F8E9D2AC1D1}.Debug|x86.Build.0 = Debug|Any CPU
		{801D4C20-F3BB-48B5-8530-2F8E9D2AC1D1}.Release|Any CPU.ActiveCfg = Release|Any CPU
		{801D4C20-F3BB-48B5-8530-2F8E9D2AC1D1}.Release|Any CPU.Build.0 = Release|Any CPU
		{801D4C20-F3BB-48B5-8530-2F8E9D2AC1D1}.Release|x64.ActiveCfg = Release|Any CPU
		{801D4C20-F3BB-48B5-8530-2F8E9D2AC1D1}.Release|x64.Build.0 = Release|Any CPU
		{801D4C20-F3BB-48B5-8530-2F8E9D2AC1D1}.Release|x86.ActiveCfg = Release|Any CPU
		{801D4C20-F3BB-48B5-8530-2F8E9D2AC1D1}.Release|x86.Build.0 = Release|Any CPU
	EndGlobalSection
	GlobalSection(SolutionProperties) = preSolution
		HideSolutionNode = FALSE
	EndGlobalSection
	GlobalSection(ExtensibilityGlobals) = postSolution
		SolutionGuid = {60B64E9E-2AF8-4FEB-BE9C-127E0DBF400C}
	EndGlobalSection
	GlobalSection(TestCaseManagementSettings) = postSolution
		CategoryFile = numl.vsmdi
	EndGlobalSection
EndGlobal
